// !$*UTF8*$!
{
	archiveVersion = 1;
	classes = {
	};
	objectVersion = 45;
	objects = {

/* Begin PBXBuildFile section */
		1DDD58160DA1D0A300B32029 /* MainMenu.xib in Resources */ = {isa = PBXBuildFile; fileRef = 1DDD58140DA1D0A300B32029 /* MainMenu.xib */; };
		40640D7910C3164300A93434 /* QuartzCore.framework in Frameworks */ = {isa = PBXBuildFile; fileRef = 40640D7810C3164300A93434 /* QuartzCore.framework */; };
		409073E110C35F7500045245 /* CalendarStore.framework in Frameworks */ = {isa = PBXBuildFile; fileRef = 409073E010C35F7500045245 /* CalendarStore.framework */; };
		6313D26D95C44A6EFC1FCF1A /* View.m in Sources */ = {isa = PBXBuildFile; fileRef = 6313D17491BE723CB1EF7B4E /* View.m */; };
		6313D4C8FBB823CEC2D9D79F /* ClockLayer.m in Sources */ = {isa = PBXBuildFile; fileRef = 6313D58BD6D35EC95F186F2A /* ClockLayer.m */; };
		6313D53C1FD047C585ACF4AA /* DayViewAppDelegate.m in Sources */ = {isa = PBXBuildFile; fileRef = 6313DCBE2D3B4B67636FF5BD /* DayViewAppDelegate.m */; };
		6313D5E68E418AF63AC7189E /* ClockModel.m in Sources */ = {isa = PBXBuildFile; fileRef = 6313DF6D33E09746CA062CD1 /* ClockModel.m */; };
		6313D87743EF779E19477E78 /* MainWindow.m in Sources */ = {isa = PBXBuildFile; fileRef = 6313D398A767F9D93821A93B /* MainWindow.m */; };
		6313DA001C583F972C626CA1 /* CalendarModel.m in Sources */ = {isa = PBXBuildFile; fileRef = 6313D14C3FA5D481E4226D50 /* CalendarModel.m */; };
		6313DC173CD98CFD7AC8E1D6 /* CALayerAdditions.m in Sources */ = {isa = PBXBuildFile; fileRef = 6313D3CF77A5D6D39EE5A425 /* CALayerAdditions.m */; };
		6313DC8144FE5DB3B51CD780 /* TasksLayer.m in Sources */ = {isa = PBXBuildFile; fileRef = 6313D670CDE9A24505F8FF8D /* TasksLayer.m */; };
		6313DF4F3FDAA37075805858 /* NSColorAdditions.m in Sources */ = {isa = PBXBuildFile; fileRef = 6313DE051A64B7B911E65BD1 /* NSColorAdditions.m */; };
		6313DFB82FBF07678334C47B /* NSPointAdditions.m in Sources */ = {isa = PBXBuildFile; fileRef = 6313DE622F6F12AB0471DD63 /* NSPointAdditions.m */; };
		8D11072B0486CEB800E47090 /* InfoPlist.strings in Resources */ = {isa = PBXBuildFile; fileRef = 089C165CFE840E0CC02AAC07 /* InfoPlist.strings */; };
		8D11072D0486CEB800E47090 /* main.m in Sources */ = {isa = PBXBuildFile; fileRef = 29B97316FDCFA39411CA2CEA /* main.m */; settings = {ATTRIBUTES = (); }; };
		8D11072F0486CEB800E47090 /* Cocoa.framework in Frameworks */ = {isa = PBXBuildFile; fileRef = 1058C7A1FEA54F0111CA2CBB /* Cocoa.framework */; };
/* End PBXBuildFile section */

/* Begin PBXFileReference section */
		089C165DFE840E0CC02AAC07 /* English */ = {isa = PBXFileReference; fileEncoding = 4; lastKnownFileType = text.plist.strings; name = English; path = English.lproj/InfoPlist.strings; sourceTree = "<group>"; };
		1058C7A1FEA54F0111CA2CBB /* Cocoa.framework */ = {isa = PBXFileReference; lastKnownFileType = wrapper.framework; name = Cocoa.framework; path = /System/Library/Frameworks/Cocoa.framework; sourceTree = "<absolute>"; };
		13E42FB307B3F0F600E4EEF1 /* CoreData.framework */ = {isa = PBXFileReference; lastKnownFileType = wrapper.framework; name = CoreData.framework; path = /System/Library/Frameworks/CoreData.framework; sourceTree = "<absolute>"; };
		1DDD58150DA1D0A300B32029 /* English */ = {isa = PBXFileReference; lastKnownFileType = file.xib; name = English; path = English.lproj/MainMenu.xib; sourceTree = "<group>"; };
		256AC3F00F4B6AF500CF3369 /* DayView_Prefix.pch */ = {isa = PBXFileReference; fileEncoding = 4; lastKnownFileType = sourcecode.c.h; path = DayView_Prefix.pch; sourceTree = "<group>"; };
		29B97316FDCFA39411CA2CEA /* main.m */ = {isa = PBXFileReference; fileEncoding = 4; lastKnownFileType = sourcecode.c.objc; path = main.m; sourceTree = "<group>"; };
		29B97324FDCFA39411CA2CEA /* AppKit.framework */ = {isa = PBXFileReference; lastKnownFileType = wrapper.framework; name = AppKit.framework; path = /System/Library/Frameworks/AppKit.framework; sourceTree = "<absolute>"; };
		29B97325FDCFA39411CA2CEA /* Foundation.framework */ = {isa = PBXFileReference; lastKnownFileType = wrapper.framework; name = Foundation.framework; path = /System/Library/Frameworks/Foundation.framework; sourceTree = "<absolute>"; };
		40640D7810C3164300A93434 /* QuartzCore.framework */ = {isa = PBXFileReference; lastKnownFileType = wrapper.framework; name = QuartzCore.framework; path = System/Library/Frameworks/QuartzCore.framework; sourceTree = SDKROOT; };
		409073E010C35F7500045245 /* CalendarStore.framework */ = {isa = PBXFileReference; lastKnownFileType = wrapper.framework; name = CalendarStore.framework; path = System/Library/Frameworks/CalendarStore.framework; sourceTree = SDKROOT; };
		6313D00C237EF73EE4786A82 /* TasksLayer.h */ = {isa = PBXFileReference; fileEncoding = 4; lastKnownFileType = sourcecode.c.h; path = TasksLayer.h; sourceTree = "<group>"; };
		6313D14C3FA5D481E4226D50 /* CalendarModel.m */ = {isa = PBXFileReference; fileEncoding = 4; lastKnownFileType = sourcecode.c.objc; path = CalendarModel.m; sourceTree = "<group>"; };
		6313D17491BE723CB1EF7B4E /* View.m */ = {isa = PBXFileReference; fileEncoding = 4; lastKnownFileType = sourcecode.c.objc; path = View.m; sourceTree = "<group>"; };
		6313D17F1D093D409A7905ED /* DayViewAppDelegate.h */ = {isa = PBXFileReference; fileEncoding = 4; lastKnownFileType = sourcecode.c.h; path = DayViewAppDelegate.h; sourceTree = "<group>"; };
		6313D32BD8CA59B7974B5E62 /* ClockModel.h */ = {isa = PBXFileReference; fileEncoding = 4; lastKnownFileType = sourcecode.c.h; path = ClockModel.h; sourceTree = "<group>"; };
		6313D398A767F9D93821A93B /* MainWindow.m */ = {isa = PBXFileReference; fileEncoding = 4; lastKnownFileType = sourcecode.c.objc; path = MainWindow.m; sourceTree = "<group>"; };
		6313D3CDB8FCBA9D85BB0C0C /* ClockLayer.h */ = {isa = PBXFileReference; fileEncoding = 4; lastKnownFileType = sourcecode.c.h; path = ClockLayer.h; sourceTree = "<group>"; };
		6313D3CF77A5D6D39EE5A425 /* CALayerAdditions.m */ = {isa = PBXFileReference; fileEncoding = 4; lastKnownFileType = sourcecode.c.objc; path = CALayerAdditions.m; sourceTree = "<group>"; };
		6313D4CEB3BA900EA9E2D088 /* View.h */ = {isa = PBXFileReference; fileEncoding = 4; lastKnownFileType = sourcecode.c.h; path = View.h; sourceTree = "<group>"; };
		6313D58BD6D35EC95F186F2A /* ClockLayer.m */ = {isa = PBXFileReference; fileEncoding = 4; lastKnownFileType = sourcecode.c.objc; path = ClockLayer.m; sourceTree = "<group>"; };
		6313D670CDE9A24505F8FF8D /* TasksLayer.m */ = {isa = PBXFileReference; fileEncoding = 4; lastKnownFileType = sourcecode.c.objc; path = TasksLayer.m; sourceTree = "<group>"; };
		6313D952464A8C2E3E075ADD /* NSColorAdditions.h */ = {isa = PBXFileReference; fileEncoding = 4; lastKnownFileType = sourcecode.c.h; path = NSColorAdditions.h; sourceTree = "<group>"; };
		6313DA5DBB79EDC8B558425C /* CalendarModel.h */ = {isa = PBXFileReference; fileEncoding = 4; lastKnownFileType = sourcecode.c.h; path = CalendarModel.h; sourceTree = "<group>"; };
		6313DBAD32CB7DEBEF00F8E0 /* NSPointAdditions.h */ = {isa = PBXFileReference; fileEncoding = 4; lastKnownFileType = sourcecode.c.h; path = NSPointAdditions.h; sourceTree = "<group>"; };
		6313DBBD899546965877D339 /* MainWindow.h */ = {isa = PBXFileReference; fileEncoding = 4; lastKnownFileType = sourcecode.c.h; path = MainWindow.h; sourceTree = "<group>"; };
		6313DCBE2D3B4B67636FF5BD /* DayViewAppDelegate.m */ = {isa = PBXFileReference; fileEncoding = 4; lastKnownFileType = sourcecode.c.objc; path = DayViewAppDelegate.m; sourceTree = "<group>"; };
		6313DDA86CB2B500B0E16F1E /* CALayerAdditions.h */ = {isa = PBXFileReference; fileEncoding = 4; lastKnownFileType = sourcecode.c.h; path = CALayerAdditions.h; sourceTree = "<group>"; };
		6313DE051A64B7B911E65BD1 /* NSColorAdditions.m */ = {isa = PBXFileReference; fileEncoding = 4; lastKnownFileType = sourcecode.c.objc; path = NSColorAdditions.m; sourceTree = "<group>"; };
		6313DE622F6F12AB0471DD63 /* NSPointAdditions.m */ = {isa = PBXFileReference; fileEncoding = 4; lastKnownFileType = sourcecode.c.objc; path = NSPointAdditions.m; sourceTree = "<group>"; };
		6313DF6D33E09746CA062CD1 /* ClockModel.m */ = {isa = PBXFileReference; fileEncoding = 4; lastKnownFileType = sourcecode.c.objc; path = ClockModel.m; sourceTree = "<group>"; };
		8D1107310486CEB800E47090 /* DayView-Info.plist */ = {isa = PBXFileReference; fileEncoding = 4; lastKnownFileType = text.plist.xml; path = "DayView-Info.plist"; sourceTree = "<group>"; };
		8D1107320486CEB800E47090 /* DayView.app */ = {isa = PBXFileReference; explicitFileType = wrapper.application; includeInIndex = 0; path = DayView.app; sourceTree = BUILT_PRODUCTS_DIR; };
/* End PBXFileReference section */

/* Begin PBXFrameworksBuildPhase section */
		8D11072E0486CEB800E47090 /* Frameworks */ = {
			isa = PBXFrameworksBuildPhase;
			buildActionMask = 2147483647;
			files = (
				8D11072F0486CEB800E47090 /* Cocoa.framework in Frameworks */,
				40640D7910C3164300A93434 /* QuartzCore.framework in Frameworks */,
				409073E110C35F7500045245 /* CalendarStore.framework in Frameworks */,
			);
			runOnlyForDeploymentPostprocessing = 0;
		};
/* End PBXFrameworksBuildPhase section */

/* Begin PBXGroup section */
		1058C7A0FEA54F0111CA2CBB /* Linked Frameworks */ = {
			isa = PBXGroup;
			children = (
				1058C7A1FEA54F0111CA2CBB /* Cocoa.framework */,
				40640D7810C3164300A93434 /* QuartzCore.framework */,
			);
			name = "Linked Frameworks";
			sourceTree = "<group>";
		};
		1058C7A2FEA54F0111CA2CBB /* Other Frameworks */ = {
			isa = PBXGroup;
			children = (
				29B97324FDCFA39411CA2CEA /* AppKit.framework */,
				13E42FB307B3F0F600E4EEF1 /* CoreData.framework */,
				29B97325FDCFA39411CA2CEA /* Foundation.framework */,
			);
			name = "Other Frameworks";
			sourceTree = "<group>";
		};
		19C28FACFE9D520D11CA2CBB /* Products */ = {
			isa = PBXGroup;
			children = (
				8D1107320486CEB800E47090 /* DayView.app */,
			);
			name = Products;
			sourceTree = "<group>";
		};
		29B97314FDCFA39411CA2CEA /* DateBar */ = {
			isa = PBXGroup;
			children = (
				29B97315FDCFA39411CA2CEA /* Other Sources */,
				29B97317FDCFA39411CA2CEA /* Resources */,
				29B97323FDCFA39411CA2CEA /* Frameworks */,
				19C28FACFE9D520D11CA2CBB /* Products */,
				409073E010C35F7500045245 /* CalendarStore.framework */,
				6313D33C87239B074F2A23C4 /* Source */,
			);
			name = DateBar;
			sourceTree = "<group>";
		};
		29B97315FDCFA39411CA2CEA /* Other Sources */ = {
			isa = PBXGroup;
			children = (
				256AC3F00F4B6AF500CF3369 /* DayView_Prefix.pch */,
				29B97316FDCFA39411CA2CEA /* main.m */,
			);
			name = "Other Sources";
			sourceTree = "<group>";
		};
		29B97317FDCFA39411CA2CEA /* Resources */ = {
			isa = PBXGroup;
			children = (
				8D1107310486CEB800E47090 /* DayView-Info.plist */,
				089C165CFE840E0CC02AAC07 /* InfoPlist.strings */,
				1DDD58140DA1D0A300B32029 /* MainMenu.xib */,
			);
			name = Resources;
			sourceTree = "<group>";
		};
		29B97323FDCFA39411CA2CEA /* Frameworks */ = {
			isa = PBXGroup;
			children = (
				1058C7A0FEA54F0111CA2CBB /* Linked Frameworks */,
				1058C7A2FEA54F0111CA2CBB /* Other Frameworks */,
			);
			name = Frameworks;
			sourceTree = "<group>";
		};
		6313D33C87239B074F2A23C4 /* Source */ = {
			isa = PBXGroup;
			children = (
				6313DA5DBB79EDC8B558425C /* CalendarModel.h */,
				6313D14C3FA5D481E4226D50 /* CalendarModel.m */,
				6313D3CDB8FCBA9D85BB0C0C /* ClockLayer.h */,
				6313D58BD6D35EC95F186F2A /* ClockLayer.m */,
				6313D32BD8CA59B7974B5E62 /* ClockModel.h */,
				6313DF6D33E09746CA062CD1 /* ClockModel.m */,
				6313D17F1D093D409A7905ED /* DayViewAppDelegate.h */,
				6313DCBE2D3B4B67636FF5BD /* DayViewAppDelegate.m */,
				6313DBBD899546965877D339 /* MainWindow.h */,
				6313D398A767F9D93821A93B /* MainWindow.m */,
				6313D00C237EF73EE4786A82 /* TasksLayer.h */,
				6313D670CDE9A24505F8FF8D /* TasksLayer.m */,
				6313D4CEB3BA900EA9E2D088 /* View.h */,
				6313D17491BE723CB1EF7B4E /* View.m */,
				6313DC314D3D87EEDAA0A804 /* Additions */,
			);
			path = Source;
			sourceTree = "<group>";
		};
		6313DC314D3D87EEDAA0A804 /* Additions */ = {
			isa = PBXGroup;
			children = (
				6313DE051A64B7B911E65BD1 /* NSColorAdditions.m */,
				6313D3CF77A5D6D39EE5A425 /* CALayerAdditions.m */,
				6313DBAD32CB7DEBEF00F8E0 /* NSPointAdditions.h */,
				6313DE622F6F12AB0471DD63 /* NSPointAdditions.m */,
				6313DDA86CB2B500B0E16F1E /* CALayerAdditions.h */,
				6313D952464A8C2E3E075ADD /* NSColorAdditions.h */,
			);
			path = Additions;
			sourceTree = "<group>";
		};
/* End PBXGroup section */

/* Begin PBXNativeTarget section */
		8D1107260486CEB800E47090 /* DayView */ = {
			isa = PBXNativeTarget;
			buildConfigurationList = C01FCF4A08A954540054247B /* Build configuration list for PBXNativeTarget "DayView" */;
			buildPhases = (
				8D1107290486CEB800E47090 /* Resources */,
				8D11072C0486CEB800E47090 /* Sources */,
				8D11072E0486CEB800E47090 /* Frameworks */,
			);
			buildRules = (
			);
			dependencies = (
			);
			name = DayView;
			productInstallPath = "$(HOME)/Applications";
			productName = DateBar;
			productReference = 8D1107320486CEB800E47090 /* DayView.app */;
			productType = "com.apple.product-type.application";
		};
/* End PBXNativeTarget section */

/* Begin PBXProject section */
		29B97313FDCFA39411CA2CEA /* Project object */ = {
			isa = PBXProject;
			buildConfigurationList = C01FCF4E08A954540054247B /* Build configuration list for PBXProject "DayView" */;
			compatibilityVersion = "Xcode 3.1";
			hasScannedForEncodings = 1;
			mainGroup = 29B97314FDCFA39411CA2CEA /* DateBar */;
			projectDirPath = "";
			projectRoot = "";
			targets = (
				8D1107260486CEB800E47090 /* DayView */,
			);
		};
/* End PBXProject section */

/* Begin PBXResourcesBuildPhase section */
		8D1107290486CEB800E47090 /* Resources */ = {
			isa = PBXResourcesBuildPhase;
			buildActionMask = 2147483647;
			files = (
				8D11072B0486CEB800E47090 /* InfoPlist.strings in Resources */,
				1DDD58160DA1D0A300B32029 /* MainMenu.xib in Resources */,
			);
			runOnlyForDeploymentPostprocessing = 0;
		};
/* End PBXResourcesBuildPhase section */

/* Begin PBXSourcesBuildPhase section */
		8D11072C0486CEB800E47090 /* Sources */ = {
			isa = PBXSourcesBuildPhase;
			buildActionMask = 2147483647;
			files = (
				8D11072D0486CEB800E47090 /* main.m in Sources */,
				6313DC173CD98CFD7AC8E1D6 /* CALayerAdditions.m in Sources */,
				6313DA001C583F972C626CA1 /* CalendarModel.m in Sources */,
				6313D4C8FBB823CEC2D9D79F /* ClockLayer.m in Sources */,
				6313D5E68E418AF63AC7189E /* ClockModel.m in Sources */,
				6313D53C1FD047C585ACF4AA /* DayViewAppDelegate.m in Sources */,
				6313D87743EF779E19477E78 /* MainWindow.m in Sources */,
				6313DF4F3FDAA37075805858 /* NSColorAdditions.m in Sources */,
				6313DFB82FBF07678334C47B /* NSPointAdditions.m in Sources */,
				6313DC8144FE5DB3B51CD780 /* TasksLayer.m in Sources */,
				6313D26D95C44A6EFC1FCF1A /* View.m in Sources */,
			);
			runOnlyForDeploymentPostprocessing = 0;
		};
/* End PBXSourcesBuildPhase section */

/* Begin PBXVariantGroup section */
		089C165CFE840E0CC02AAC07 /* InfoPlist.strings */ = {
			isa = PBXVariantGroup;
			children = (
				089C165DFE840E0CC02AAC07 /* English */,
			);
			name = InfoPlist.strings;
			sourceTree = "<group>";
		};
		1DDD58140DA1D0A300B32029 /* MainMenu.xib */ = {
			isa = PBXVariantGroup;
			children = (
				1DDD58150DA1D0A300B32029 /* English */,
			);
			name = MainMenu.xib;
			sourceTree = "<group>";
		};
/* End PBXVariantGroup section */

/* Begin XCBuildConfiguration section */
		C01FCF4B08A954540054247B /* Debug */ = {
			isa = XCBuildConfiguration;
			buildSettings = {
				ALWAYS_SEARCH_USER_PATHS = NO;
				COPY_PHASE_STRIP = NO;
				GCC_DYNAMIC_NO_PIC = NO;
				GCC_ENABLE_FIX_AND_CONTINUE = YES;
				GCC_MODEL_TUNING = G5;
				GCC_OPTIMIZATION_LEVEL = 0;
				GCC_PRECOMPILE_PREFIX_HEADER = YES;
				GCC_PREFIX_HEADER = DayView_Prefix.pch;
				INFOPLIST_FILE = "DayView-Info.plist";
				INSTALL_PATH = "$(HOME)/Applications";
				PRODUCT_NAME = DayView;
				SDKROOT = macosx10.8;
			};
			name = Debug;
		};
		C01FCF4C08A954540054247B /* Release */ = {
			isa = XCBuildConfiguration;
			buildSettings = {
				ALWAYS_SEARCH_USER_PATHS = NO;
				DEBUG_INFORMATION_FORMAT = "dwarf-with-dsym";
				GCC_MODEL_TUNING = G5;
				GCC_PRECOMPILE_PREFIX_HEADER = YES;
				GCC_PREFIX_HEADER = DayView_Prefix.pch;
				INFOPLIST_FILE = "DayView-Info.plist";
				INSTALL_PATH = "$(HOME)/Applications";
				PRODUCT_NAME = DayView;
			};
			name = Release;
		};
		C01FCF4F08A954540054247B /* Debug */ = {
			isa = XCBuildConfiguration;
			buildSettings = {
				ARCHS = "$(ARCHS_STANDARD_32_64_BIT)";
				GCC_C_LANGUAGE_STANDARD = gnu99;
				GCC_ENABLE_OBJC_GC = required;
				GCC_OPTIMIZATION_LEVEL = 0;
				GCC_WARN_ABOUT_RETURN_TYPE = YES;
				GCC_WARN_UNUSED_VARIABLE = YES;
				ONLY_ACTIVE_ARCH = YES;
				PREBINDING = NO;
				RUN_CLANG_STATIC_ANALYZER = YES;
				SDKROOT = macosx10.6;
			};
			name = Debug;
		};
		C01FCF5008A954540054247B /* Release */ = {
			isa = XCBuildConfiguration;
			buildSettings = {
				ARCHS = "$(ARCHS_STANDARD_32_64_BIT)";
				GCC_C_LANGUAGE_STANDARD = gnu99;
				GCC_ENABLE_OBJC_GC = required;
				GCC_WARN_ABOUT_RETURN_TYPE = YES;
				GCC_WARN_UNUSED_VARIABLE = YES;
				PREBINDING = NO;
				SDKROOT = macosx10.6;
			};
			name = Release;
		};
/* End XCBuildConfiguration section */

/* Begin XCConfigurationList section */
		C01FCF4A08A954540054247B /* Build configuration list for PBXNativeTarget "DayView" */ = {
			isa = XCConfigurationList;
			buildConfigurations = (
				C01FCF4B08A954540054247B /* Debug */,
				C01FCF4C08A954540054247B /* Release */,
			);
			defaultConfigurationIsVisible = 0;
			defaultConfigurationName = Release;
		};
		C01FCF4E08A954540054247B /* Build configuration list for PBXProject "DayView" */ = {
			isa = XCConfigurationList;
			buildConfigurations = (
				C01FCF4F08A954540054247B /* Debug */,
				C01FCF5008A954540054247B /* Release */,
			);
			defaultConfigurationIsVisible = 0;
			defaultConfigurationName = Release;
		};
/* End XCConfigurationList section */
	};
	rootObject = 29B97313FDCFA39411CA2CEA /* Project object */;
}
